
Microsoft Visual Studio Solution File, Format Version 12.00
Project("{FAE04EC0-301F-11D3-BF4B-00C04F79EFBC}") = "LiarGame", "LiarGame\LiarGame.csproj", "{952A0B70-6870-4960-AA9E-20263C834F27}"
EndProject
Global
	GlobalSection(SolutionConfigurationPlatforms) = preSolution
		Debug|Any CPU = Debug|Any CPU
		Release|Any CPU = Release|Any CPU
	EndGlobalSection
	GlobalSection(ProjectConfigurationPlatforms) = postSolution
		{952A0B70-6870-4960-AA9E-20263C834F27}.Debug|Any CPU.ActiveCfg = Debug|Any CPU
		{952A0B70-6870-4960-AA9E-20263C834F27}.Debug|Any CPU.Build.0 = Debug|Any CPU
		{952A0B70-6870-4960-AA9E-20263C834F27}.Release|Any CPU.ActiveCfg = Release|Any CPU
		{952A0B70-6870-4960-AA9E-20263C834F27}.Release|Any CPU.Build.0 = Release|Any CPU
	EndGlobalSection
EndGlobal
